// !$*UTF8*$!
{
	archiveVersion = 1;
	classes = {
	};
	objectVersion = 56;
	objects = {

/* Begin PBXBuildFile section */
		523E435B2A9651EB006A2F56 /* AbstractModel.swift in Sources */ = {isa = PBXBuildFile; fileRef = 523E435A2A9651EB006A2F56 /* AbstractModel.swift */; };
		528E0BB62A80EBA50009C153 /* AppDelegate.swift in Sources */ = {isa = PBXBuildFile; fileRef = 528E0BB52A80EBA50009C153 /* AppDelegate.swift */; };
		528E0BB82A80EBA50009C153 /* SceneDelegate.swift in Sources */ = {isa = PBXBuildFile; fileRef = 528E0BB72A80EBA50009C153 /* SceneDelegate.swift */; };
		528E0BBA2A80EBA50009C153 /* ViewController.swift in Sources */ = {isa = PBXBuildFile; fileRef = 528E0BB92A80EBA50009C153 /* ViewController.swift */; };
		528E0BBD2A80EBA50009C153 /* Main.storyboard in Resources */ = {isa = PBXBuildFile; fileRef = 528E0BBB2A80EBA50009C153 /* Main.storyboard */; };
		528E0BBF2A80EBA60009C153 /* Assets.xcassets in Resources */ = {isa = PBXBuildFile; fileRef = 528E0BBE2A80EBA60009C153 /* Assets.xcassets */; };
		528E0BC22A80EBA60009C153 /* LaunchScreen.storyboard in Resources */ = {isa = PBXBuildFile; fileRef = 528E0BC02A80EBA60009C153 /* LaunchScreen.storyboard */; };
		528E0BCB2A80ED310009C153 /* Realm in Frameworks */ = {isa = PBXBuildFile; productRef = 528E0BCA2A80ED310009C153 /* Realm */; };
		528E0BCD2A80ED310009C153 /* RealmSwift in Frameworks */ = {isa = PBXBuildFile; productRef = 528E0BCC2A80ED310009C153 /* RealmSwift */; };
		528E0BD12A80EEBF0009C153 /* NetworkManager.swift in Sources */ = {isa = PBXBuildFile; fileRef = 528E0BD02A80EEBF0009C153 /* NetworkManager.swift */; };
		528E0BD32A80EED00009C153 /* ApiDataManager.swift in Sources */ = {isa = PBXBuildFile; fileRef = 528E0BD22A80EED00009C153 /* ApiDataManager.swift */; };
		528E0BD52A80EEE40009C153 /* RealmDataManager.swift in Sources */ = {isa = PBXBuildFile; fileRef = 528E0BD42A80EEE40009C153 /* RealmDataManager.swift */; };
		528E0BD72A80EEFF0009C153 /* DataManager.swift in Sources */ = {isa = PBXBuildFile; fileRef = 528E0BD62A80EEFF0009C153 /* DataManager.swift */; };
		528E0BDA2A80EF260009C153 /* ApiCamerasModel.swift in Sources */ = {isa = PBXBuildFile; fileRef = 528E0BD92A80EF260009C153 /* ApiCamerasModel.swift */; };
		528E0BDC2A80EF360009C153 /* CameraModel.swift in Sources */ = {isa = PBXBuildFile; fileRef = 528E0BDB2A80EF360009C153 /* CameraModel.swift */; };
		528E0BDE2A80EF4A0009C153 /* ApiDoorsModel.swift in Sources */ = {isa = PBXBuildFile; fileRef = 528E0BDD2A80EF4A0009C153 /* ApiDoorsModel.swift */; };
		528E0BE02A80EF6F0009C153 /* DoorModel.swift in Sources */ = {isa = PBXBuildFile; fileRef = 528E0BDF2A80EF6F0009C153 /* DoorModel.swift */; };
		528E0BE32A80EF9A0009C153 /* CamerasTableViewCell.swift in Sources */ = {isa = PBXBuildFile; fileRef = 528E0BE22A80EF9A0009C153 /* CamerasTableViewCell.swift */; };
		528E0BE52A80EFB20009C153 /* DoorsTableViewCell.swift in Sources */ = {isa = PBXBuildFile; fileRef = 528E0BE42A80EFB20009C153 /* DoorsTableViewCell.swift */; };
		528E0BE72A80EFC20009C153 /* IntercomTableViewCell.swift in Sources */ = {isa = PBXBuildFile; fileRef = 528E0BE62A80EFC20009C153 /* IntercomTableViewCell.swift */; };
		528E0BEA2A80F0130009C153 /* MyHomeViewController.swift in Sources */ = {isa = PBXBuildFile; fileRef = 528E0BE92A80F0130009C153 /* MyHomeViewController.swift */; };
		528E0BEC2A80F0290009C153 /* CamerasViewController.swift in Sources */ = {isa = PBXBuildFile; fileRef = 528E0BEB2A80F0290009C153 /* CamerasViewController.swift */; };
		528E0BEE2A80F0450009C153 /* DoorsViewController.swift in Sources */ = {isa = PBXBuildFile; fileRef = 528E0BED2A80F0450009C153 /* DoorsViewController.swift */; };
		528E0BF02A80F0570009C153 /* DoorDetailViewController.swift in Sources */ = {isa = PBXBuildFile; fileRef = 528E0BEF2A80F0570009C153 /* DoorDetailViewController.swift */; };
		528E0BF32A80F07B0009C153 /* Extensions.swift in Sources */ = {isa = PBXBuildFile; fileRef = 528E0BF22A80F07B0009C153 /* Extensions.swift */; };
/* End PBXBuildFile section */

/* Begin PBXFileReference section */
		523E435A2A9651EB006A2F56 /* AbstractModel.swift */ = {isa = PBXFileReference; lastKnownFileType = sourcecode.swift; path = AbstractModel.swift; sourceTree = "<group>"; };
		528E0BB22A80EBA50009C153 /* HomeGuard.app */ = {isa = PBXFileReference; explicitFileType = wrapper.application; includeInIndex = 0; path = HomeGuard.app; sourceTree = BUILT_PRODUCTS_DIR; };
		528E0BB52A80EBA50009C153 /* AppDelegate.swift */ = {isa = PBXFileReference; lastKnownFileType = sourcecode.swift; path = AppDelegate.swift; sourceTree = "<group>"; };
		528E0BB72A80EBA50009C153 /* SceneDelegate.swift */ = {isa = PBXFileReference; lastKnownFileType = sourcecode.swift; path = SceneDelegate.swift; sourceTree = "<group>"; };
		528E0BB92A80EBA50009C153 /* ViewController.swift */ = {isa = PBXFileReference; lastKnownFileType = sourcecode.swift; path = ViewController.swift; sourceTree = "<group>"; };
		528E0BBC2A80EBA50009C153 /* Base */ = {isa = PBXFileReference; lastKnownFileType = file.storyboard; name = Base; path = Base.lproj/Main.storyboard; sourceTree = "<group>"; };
		528E0BBE2A80EBA60009C153 /* Assets.xcassets */ = {isa = PBXFileReference; lastKnownFileType = folder.assetcatalog; path = Assets.xcassets; sourceTree = "<group>"; };
		528E0BC12A80EBA60009C153 /* Base */ = {isa = PBXFileReference; lastKnownFileType = file.storyboard; name = Base; path = Base.lproj/LaunchScreen.storyboard; sourceTree = "<group>"; };
		528E0BC32A80EBA60009C153 /* Info.plist */ = {isa = PBXFileReference; lastKnownFileType = text.plist.xml; path = Info.plist; sourceTree = "<group>"; };
		528E0BD02A80EEBF0009C153 /* NetworkManager.swift */ = {isa = PBXFileReference; lastKnownFileType = sourcecode.swift; path = NetworkManager.swift; sourceTree = "<group>"; };
		528E0BD22A80EED00009C153 /* ApiDataManager.swift */ = {isa = PBXFileReference; lastKnownFileType = sourcecode.swift; path = ApiDataManager.swift; sourceTree = "<group>"; };
		528E0BD42A80EEE40009C153 /* RealmDataManager.swift */ = {isa = PBXFileReference; lastKnownFileType = sourcecode.swift; path = RealmDataManager.swift; sourceTree = "<group>"; };
		528E0BD62A80EEFF0009C153 /* DataManager.swift */ = {isa = PBXFileReference; lastKnownFileType = sourcecode.swift; path = DataManager.swift; sourceTree = "<group>"; };
		528E0BD92A80EF260009C153 /* ApiCamerasModel.swift */ = {isa = PBXFileReference; lastKnownFileType = sourcecode.swift; path = ApiCamerasModel.swift; sourceTree = "<group>"; };
		528E0BDB2A80EF360009C153 /* CameraModel.swift */ = {isa = PBXFileReference; lastKnownFileType = sourcecode.swift; path = CameraModel.swift; sourceTree = "<group>"; };
		528E0BDD2A80EF4A0009C153 /* ApiDoorsModel.swift */ = {isa = PBXFileReference; lastKnownFileType = sourcecode.swift; path = ApiDoorsModel.swift; sourceTree = "<group>"; };
		528E0BDF2A80EF6F0009C153 /* DoorModel.swift */ = {isa = PBXFileReference; lastKnownFileType = sourcecode.swift; path = DoorModel.swift; sourceTree = "<group>"; };
		528E0BE22A80EF9A0009C153 /* CamerasTableViewCell.swift */ = {isa = PBXFileReference; lastKnownFileType = sourcecode.swift; path = CamerasTableViewCell.swift; sourceTree = "<group>"; };
		528E0BE42A80EFB20009C153 /* DoorsTableViewCell.swift */ = {isa = PBXFileReference; lastKnownFileType = sourcecode.swift; path = DoorsTableViewCell.swift; sourceTree = "<group>"; };
		528E0BE62A80EFC20009C153 /* IntercomTableViewCell.swift */ = {isa = PBXFileReference; lastKnownFileType = sourcecode.swift; path = IntercomTableViewCell.swift; sourceTree = "<group>"; };
		528E0BE92A80F0130009C153 /* MyHomeViewController.swift */ = {isa = PBXFileReference; lastKnownFileType = sourcecode.swift; path = MyHomeViewController.swift; sourceTree = "<group>"; };
		528E0BEB2A80F0290009C153 /* CamerasViewController.swift */ = {isa = PBXFileReference; lastKnownFileType = sourcecode.swift; path = CamerasViewController.swift; sourceTree = "<group>"; };
		528E0BED2A80F0450009C153 /* DoorsViewController.swift */ = {isa = PBXFileReference; lastKnownFileType = sourcecode.swift; path = DoorsViewController.swift; sourceTree = "<group>"; };
		528E0BEF2A80F0570009C153 /* DoorDetailViewController.swift */ = {isa = PBXFileReference; lastKnownFileType = sourcecode.swift; path = DoorDetailViewController.swift; sourceTree = "<group>"; };
		528E0BF22A80F07B0009C153 /* Extensions.swift */ = {isa = PBXFileReference; lastKnownFileType = sourcecode.swift; path = Extensions.swift; sourceTree = "<group>"; };
/* End PBXFileReference section */

/* Begin PBXFrameworksBuildPhase section */
		528E0BAF2A80EBA50009C153 /* Frameworks */ = {
			isa = PBXFrameworksBuildPhase;
			buildActionMask = 2147483647;
			files = (
				528E0BCD2A80ED310009C153 /* RealmSwift in Frameworks */,
				528E0BCB2A80ED310009C153 /* Realm in Frameworks */,
			);
			runOnlyForDeploymentPostprocessing = 0;
		};
/* End PBXFrameworksBuildPhase section */

/* Begin PBXGroup section */
		528E0BA92A80EBA50009C153 = {
			isa = PBXGroup;
			children = (
				528E0BB42A80EBA50009C153 /* HomeGuard */,
				528E0BB32A80EBA50009C153 /* Products */,
			);
			sourceTree = "<group>";
		};
		528E0BB32A80EBA50009C153 /* Products */ = {
			isa = PBXGroup;
			children = (
				528E0BB22A80EBA50009C153 /* HomeGuard.app */,
			);
			name = Products;
			sourceTree = "<group>";
		};
		528E0BB42A80EBA50009C153 /* HomeGuard */ = {
			isa = PBXGroup;
			children = (
				528E0BF12A80F06C0009C153 /* Support */,
				528E0BE82A80EFD00009C153 /* Controllers */,
				528E0BE12A80EF880009C153 /* Views */,
				528E0BD82A80EF160009C153 /* Models */,
				528E0BCF2A80EEAE0009C153 /* Managers */,
				528E0BCE2A80EE920009C153 /* Application */,
				528E0BB92A80EBA50009C153 /* ViewController.swift */,
				528E0BBB2A80EBA50009C153 /* Main.storyboard */,
				528E0BC02A80EBA60009C153 /* LaunchScreen.storyboard */,
				528E0BC32A80EBA60009C153 /* Info.plist */,
			);
			path = HomeGuard;
			sourceTree = "<group>";
		};
		528E0BCE2A80EE920009C153 /* Application */ = {
			isa = PBXGroup;
			children = (
				528E0BB52A80EBA50009C153 /* AppDelegate.swift */,
				528E0BB72A80EBA50009C153 /* SceneDelegate.swift */,
				528E0BBE2A80EBA60009C153 /* Assets.xcassets */,
			);
			path = Application;
			sourceTree = "<group>";
		};
		528E0BCF2A80EEAE0009C153 /* Managers */ = {
			isa = PBXGroup;
			children = (
				528E0BD02A80EEBF0009C153 /* NetworkManager.swift */,
				528E0BD22A80EED00009C153 /* ApiDataManager.swift */,
				528E0BD42A80EEE40009C153 /* RealmDataManager.swift */,
				528E0BD62A80EEFF0009C153 /* DataManager.swift */,
			);
			path = Managers;
			sourceTree = "<group>";
		};
		528E0BD82A80EF160009C153 /* Models */ = {
			isa = PBXGroup;
			children = (
				523E435A2A9651EB006A2F56 /* AbstractModel.swift */,
				528E0BD92A80EF260009C153 /* ApiCamerasModel.swift */,
				528E0BDB2A80EF360009C153 /* CameraModel.swift */,
				528E0BDD2A80EF4A0009C153 /* ApiDoorsModel.swift */,
				528E0BDF2A80EF6F0009C153 /* DoorModel.swift */,
			);
			path = Models;
			sourceTree = "<group>";
		};
		528E0BE12A80EF880009C153 /* Views */ = {
			isa = PBXGroup;
			children = (
				528E0BE22A80EF9A0009C153 /* CamerasTableViewCell.swift */,
				528E0BE42A80EFB20009C153 /* DoorsTableViewCell.swift */,
				528E0BE62A80EFC20009C153 /* IntercomTableViewCell.swift */,
			);
			path = Views;
			sourceTree = "<group>";
		};
		528E0BE82A80EFD00009C153 /* Controllers */ = {
			isa = PBXGroup;
			children = (
				528E0BE92A80F0130009C153 /* MyHomeViewController.swift */,
				528E0BEB2A80F0290009C153 /* CamerasViewController.swift */,
				528E0BED2A80F0450009C153 /* DoorsViewController.swift */,
				528E0BEF2A80F0570009C153 /* DoorDetailViewController.swift */,
			);
			path = Controllers;
			sourceTree = "<group>";
		};
		528E0BF12A80F06C0009C153 /* Support */ = {
			isa = PBXGroup;
			children = (
				528E0BF22A80F07B0009C153 /* Extensions.swift */,
			);
			path = Support;
			sourceTree = "<group>";
		};
/* End PBXGroup section */

/* Begin PBXNativeTarget section */
		528E0BB12A80EBA50009C153 /* HomeGuard */ = {
			isa = PBXNativeTarget;
			buildConfigurationList = 528E0BC62A80EBA60009C153 /* Build configuration list for PBXNativeTarget "HomeGuard" */;
			buildPhases = (
				528E0BAE2A80EBA50009C153 /* Sources */,
				528E0BAF2A80EBA50009C153 /* Frameworks */,
				528E0BB02A80EBA50009C153 /* Resources */,
			);
			buildRules = (
			);
			dependencies = (
			);
			name = HomeGuard;
			packageProductDependencies = (
				528E0BCA2A80ED310009C153 /* Realm */,
				528E0BCC2A80ED310009C153 /* RealmSwift */,
			);
			productName = HomeGuard;
			productReference = 528E0BB22A80EBA50009C153 /* HomeGuard.app */;
			productType = "com.apple.product-type.application";
		};
/* End PBXNativeTarget section */

/* Begin PBXProject section */
		528E0BAA2A80EBA50009C153 /* Project object */ = {
			isa = PBXProject;
			attributes = {
				BuildIndependentTargetsInParallel = 1;
				LastSwiftUpdateCheck = 1430;
				LastUpgradeCheck = 1430;
				TargetAttributes = {
					528E0BB12A80EBA50009C153 = {
						CreatedOnToolsVersion = 14.3.1;
					};
				};
			};
			buildConfigurationList = 528E0BAD2A80EBA50009C153 /* Build configuration list for PBXProject "HomeGuard" */;
			compatibilityVersion = "Xcode 14.0";
			developmentRegion = en;
			hasScannedForEncodings = 0;
			knownRegions = (
				en,
				Base,
			);
			mainGroup = 528E0BA92A80EBA50009C153;
			packageReferences = (
				528E0BC92A80ED310009C153 /* XCRemoteSwiftPackageReference "realm-swift" */,
			);
			productRefGroup = 528E0BB32A80EBA50009C153 /* Products */;
			projectDirPath = "";
			projectRoot = "";
			targets = (
				528E0BB12A80EBA50009C153 /* HomeGuard */,
			);
		};
/* End PBXProject section */

/* Begin PBXResourcesBuildPhase section */
		528E0BB02A80EBA50009C153 /* Resources */ = {
			isa = PBXResourcesBuildPhase;
			buildActionMask = 2147483647;
			files = (
				528E0BC22A80EBA60009C153 /* LaunchScreen.storyboard in Resources */,
				528E0BBF2A80EBA60009C153 /* Assets.xcassets in Resources */,
				528E0BBD2A80EBA50009C153 /* Main.storyboard in Resources */,
			);
			runOnlyForDeploymentPostprocessing = 0;
		};
/* End PBXResourcesBuildPhase section */

/* Begin PBXSourcesBuildPhase section */
		528E0BAE2A80EBA50009C153 /* Sources */ = {
			isa = PBXSourcesBuildPhase;
			buildActionMask = 2147483647;
			files = (
				528E0BDE2A80EF4A0009C153 /* ApiDoorsModel.swift in Sources */,
				528E0BEC2A80F0290009C153 /* CamerasViewController.swift in Sources */,
				528E0BD12A80EEBF0009C153 /* NetworkManager.swift in Sources */,
				528E0BF02A80F0570009C153 /* DoorDetailViewController.swift in Sources */,
				528E0BBA2A80EBA50009C153 /* ViewController.swift in Sources */,
				528E0BE52A80EFB20009C153 /* DoorsTableViewCell.swift in Sources */,
				528E0BB62A80EBA50009C153 /* AppDelegate.swift in Sources */,
				523E435B2A9651EB006A2F56 /* AbstractModel.swift in Sources */,
				528E0BF32A80F07B0009C153 /* Extensions.swift in Sources */,
				528E0BD72A80EEFF0009C153 /* DataManager.swift in Sources */,
				528E0BE72A80EFC20009C153 /* IntercomTableViewCell.swift in Sources */,
				528E0BB82A80EBA50009C153 /* SceneDelegate.swift in Sources */,
				528E0BE02A80EF6F0009C153 /* DoorModel.swift in Sources */,
				528E0BD32A80EED00009C153 /* ApiDataManager.swift in Sources */,
				528E0BE32A80EF9A0009C153 /* CamerasTableViewCell.swift in Sources */,
				528E0BD52A80EEE40009C153 /* RealmDataManager.swift in Sources */,
				528E0BDA2A80EF260009C153 /* ApiCamerasModel.swift in Sources */,
				528E0BEE2A80F0450009C153 /* DoorsViewController.swift in Sources */,
				528E0BEA2A80F0130009C153 /* MyHomeViewController.swift in Sources */,
				528E0BDC2A80EF360009C153 /* CameraModel.swift in Sources */,
			);
			runOnlyForDeploymentPostprocessing = 0;
		};
/* End PBXSourcesBuildPhase section */

/* Begin PBXVariantGroup section */
		528E0BBB2A80EBA50009C153 /* Main.storyboard */ = {
			isa = PBXVariantGroup;
			children = (
				528E0BBC2A80EBA50009C153 /* Base */,
			);
			name = Main.storyboard;
			sourceTree = "<group>";
		};
		528E0BC02A80EBA60009C153 /* LaunchScreen.storyboard */ = {
			isa = PBXVariantGroup;
			children = (
				528E0BC12A80EBA60009C153 /* Base */,
			);
			name = LaunchScreen.storyboard;
			sourceTree = "<group>";
		};
/* End PBXVariantGroup section */

/* Begin XCBuildConfiguration section */
		528E0BC42A80EBA60009C153 /* Debug */ = {
			isa = XCBuildConfiguration;
			buildSettings = {
				ALWAYS_SEARCH_USER_PATHS = NO;
				CLANG_ANALYZER_NONNULL = YES;
				CLANG_ANALYZER_NUMBER_OBJECT_CONVERSION = YES_AGGRESSIVE;
				CLANG_CXX_LANGUAGE_STANDARD = "gnu++20";
				CLANG_ENABLE_MODULES = YES;
				CLANG_ENABLE_OBJC_ARC = YES;
				CLANG_ENABLE_OBJC_WEAK = YES;
				CLANG_WARN_BLOCK_CAPTURE_AUTORELEASING = YES;
				CLANG_WARN_BOOL_CONVERSION = YES;
				CLANG_WARN_COMMA = YES;
				CLANG_WARN_CONSTANT_CONVERSION = YES;
				CLANG_WARN_DEPRECATED_OBJC_IMPLEMENTATIONS = YES;
				CLANG_WARN_DIRECT_OBJC_ISA_USAGE = YES_ERROR;
				CLANG_WARN_DOCUMENTATION_COMMENTS = YES;
				CLANG_WARN_EMPTY_BODY = YES;
				CLANG_WARN_ENUM_CONVERSION = YES;
				CLANG_WARN_INFINITE_RECURSION = YES;
				CLANG_WARN_INT_CONVERSION = YES;
				CLANG_WARN_NON_LITERAL_NULL_CONVERSION = YES;
				CLANG_WARN_OBJC_IMPLICIT_RETAIN_SELF = YES;
				CLANG_WARN_OBJC_LITERAL_CONVERSION = YES;
				CLANG_WARN_OBJC_ROOT_CLASS = YES_ERROR;
				CLANG_WARN_QUOTED_INCLUDE_IN_FRAMEWORK_HEADER = YES;
				CLANG_WARN_RANGE_LOOP_ANALYSIS = YES;
				CLANG_WARN_STRICT_PROTOTYPES = YES;
				CLANG_WARN_SUSPICIOUS_MOVE = YES;
				CLANG_WARN_UNGUARDED_AVAILABILITY = YES_AGGRESSIVE;
				CLANG_WARN_UNREACHABLE_CODE = YES;
				CLANG_WARN__DUPLICATE_METHOD_MATCH = YES;
				COPY_PHASE_STRIP = NO;
				DEBUG_INFORMATION_FORMAT = dwarf;
				ENABLE_STRICT_OBJC_MSGSEND = YES;
				ENABLE_TESTABILITY = YES;
				GCC_C_LANGUAGE_STANDARD = gnu11;
				GCC_DYNAMIC_NO_PIC = NO;
				GCC_NO_COMMON_BLOCKS = YES;
				GCC_OPTIMIZATION_LEVEL = 0;
				GCC_PREPROCESSOR_DEFINITIONS = (
					"DEBUG=1",
					"$(inherited)",
				);
				GCC_WARN_64_TO_32_BIT_CONVERSION = YES;
				GCC_WARN_ABOUT_RETURN_TYPE = YES_ERROR;
				GCC_WARN_UNDECLARED_SELECTOR = YES;
				GCC_WARN_UNINITIALIZED_AUTOS = YES_AGGRESSIVE;
				GCC_WARN_UNUSED_FUNCTION = YES;
				GCC_WARN_UNUSED_VARIABLE = YES;
				IPHONEOS_DEPLOYMENT_TARGET = 16.4;
				MTL_ENABLE_DEBUG_INFO = INCLUDE_SOURCE;
				MTL_FAST_MATH = YES;
				ONLY_ACTIVE_ARCH = YES;
				SDKROOT = iphoneos;
				SWIFT_ACTIVE_COMPILATION_CONDITIONS = DEBUG;
				SWIFT_OPTIMIZATION_LEVEL = "-Onone";
			};
			name = Debug;
		};
		528E0BC52A80EBA60009C153 /* Release */ = {
			isa = XCBuildConfiguration;
			buildSettings = {
				ALWAYS_SEARCH_USER_PATHS = NO;
				CLANG_ANALYZER_NONNULL = YES;
				CLANG_ANALYZER_NUMBER_OBJECT_CONVERSION = YES_AGGRESSIVE;
				CLANG_CXX_LANGUAGE_STANDARD = "gnu++20";
				CLANG_ENABLE_MODULES = YES;
				CLANG_ENABLE_OBJC_ARC = YES;
				CLANG_ENABLE_OBJC_WEAK = YES;
				CLANG_WARN_BLOCK_CAPTURE_AUTORELEASING = YES;
				CLANG_WARN_BOOL_CONVERSION = YES;
				CLANG_WARN_COMMA = YES;
				CLANG_WARN_CONSTANT_CONVERSION = YES;
				CLANG_WARN_DEPRECATED_OBJC_IMPLEMENTATIONS = YES;
				CLANG_WARN_DIRECT_OBJC_ISA_USAGE = YES_ERROR;
				CLANG_WARN_DOCUMENTATION_COMMENTS = YES;
				CLANG_WARN_EMPTY_BODY = YES;
				CLANG_WARN_ENUM_CONVERSION = YES;
				CLANG_WARN_INFINITE_RECURSION = YES;
				CLANG_WARN_INT_CONVERSION = YES;
				CLANG_WARN_NON_LITERAL_NULL_CONVERSION = YES;
				CLANG_WARN_OBJC_IMPLICIT_RETAIN_SELF = YES;
				CLANG_WARN_OBJC_LITERAL_CONVERSION = YES;
				CLANG_WARN_OBJC_ROOT_CLASS = YES_ERROR;
				CLANG_WARN_QUOTED_INCLUDE_IN_FRAMEWORK_HEADER = YES;
				CLANG_WARN_RANGE_LOOP_ANALYSIS = YES;
				CLANG_WARN_STRICT_PROTOTYPES = YES;
				CLANG_WARN_SUSPICIOUS_MOVE = YES;
				CLANG_WARN_UNGUARDED_AVAILABILITY = YES_AGGRESSIVE;
				CLANG_WARN_UNREACHABLE_CODE = YES;
				CLANG_WARN__DUPLICATE_METHOD_MATCH = YES;
				COPY_PHASE_STRIP = NO;
				DEBUG_INFORMATION_FORMAT = "dwarf-with-dsym";
				ENABLE_NS_ASSERTIONS = NO;
				ENABLE_STRICT_OBJC_MSGSEND = YES;
				GCC_C_LANGUAGE_STANDARD = gnu11;
				GCC_NO_COMMON_BLOCKS = YES;
				GCC_WARN_64_TO_32_BIT_CONVERSION = YES;
				GCC_WARN_ABOUT_RETURN_TYPE = YES_ERROR;
				GCC_WARN_UNDECLARED_SELECTOR = YES;
				GCC_WARN_UNINITIALIZED_AUTOS = YES_AGGRESSIVE;
				GCC_WARN_UNUSED_FUNCTION = YES;
				GCC_WARN_UNUSED_VARIABLE = YES;
				IPHONEOS_DEPLOYMENT_TARGET = 16.4;
				MTL_ENABLE_DEBUG_INFO = NO;
				MTL_FAST_MATH = YES;
				SDKROOT = iphoneos;
				SWIFT_COMPILATION_MODE = wholemodule;
				SWIFT_OPTIMIZATION_LEVEL = "-O";
				VALIDATE_PRODUCT = YES;
			};
			name = Release;
		};
		528E0BC72A80EBA60009C153 /* Debug */ = {
			isa = XCBuildConfiguration;
			buildSettings = {
				ASSETCATALOG_COMPILER_APPICON_NAME = AppIcon;
				ASSETCATALOG_COMPILER_GLOBAL_ACCENT_COLOR_NAME = AccentColor;
				CODE_SIGN_STYLE = Automatic;
				CURRENT_PROJECT_VERSION = 1;
				DEVELOPMENT_TEAM = VB8C9ZVKXH;
				GENERATE_INFOPLIST_FILE = YES;
				INFOPLIST_FILE = HomeGuard/Info.plist;
				INFOPLIST_KEY_CFBundleDisplayName = Guard;
				INFOPLIST_KEY_LSApplicationCategoryType = "public.app-category.utilities";
				INFOPLIST_KEY_UIApplicationSupportsIndirectInputEvents = YES;
				INFOPLIST_KEY_UILaunchStoryboardName = LaunchScreen.storyboard;
				INFOPLIST_KEY_UIMainStoryboardFile = Main;
				INFOPLIST_KEY_UISupportedInterfaceOrientations = UIInterfaceOrientationPortrait;
				INFOPLIST_KEY_UISupportedInterfaceOrientations_iPad = "UIInterfaceOrientationLandscapeLeft UIInterfaceOrientationLandscapeRight UIInterfaceOrientationPortrait UIInterfaceOrientationPortraitUpsideDown";
				IPHONEOS_DEPLOYMENT_TARGET = 16.4;
				LD_RUNPATH_SEARCH_PATHS = (
					"$(inherited)",
					"@executable_path/Frameworks",
				);
				MARKETING_VERSION = 1.0;
				PRODUCT_BUNDLE_IDENTIFIER = sihtmark.HomeGuard;
				PRODUCT_NAME = "$(TARGET_NAME)";
				SUPPORTED_PLATFORMS = "iphoneos iphonesimulator";
				SUPPORTS_MACCATALYST = NO;
				SUPPORTS_MAC_DESIGNED_FOR_IPHONE_IPAD = NO;
				SWIFT_EMIT_LOC_STRINGS = YES;
				SWIFT_VERSION = 5.0;
				TARGETED_DEVICE_FAMILY = 1;
			};
			name = Debug;
		};
		528E0BC82A80EBA60009C153 /* Release */ = {
			isa = XCBuildConfiguration;
			buildSettings = {
				ASSETCATALOG_COMPILER_APPICON_NAME = AppIcon;
				ASSETCATALOG_COMPILER_GLOBAL_ACCENT_COLOR_NAME = AccentColor;
				CODE_SIGN_STYLE = Automatic;
				CURRENT_PROJECT_VERSION = 1;
				DEVELOPMENT_TEAM = VB8C9ZVKXH;
				GENERATE_INFOPLIST_FILE = YES;
				INFOPLIST_FILE = HomeGuard/Info.plist;
				INFOPLIST_KEY_CFBundleDisplayName = Guard;
				INFOPLIST_KEY_LSApplicationCategoryType = "public.app-category.utilities";
				INFOPLIST_KEY_UIApplicationSupportsIndirectInputEvents = YES;
				INFOPLIST_KEY_UILaunchStoryboardName = LaunchScreen.storyboard;
				INFOPLIST_KEY_UIMainStoryboardFile = Main;
				INFOPLIST_KEY_UISupportedInterfaceOrientations = UIInterfaceOrientationPortrait;
				INFOPLIST_KEY_UISupportedInterfaceOrientations_iPad = "UIInterfaceOrientationLandscapeLeft UIInterfaceOrientationLandscapeRight UIInterfaceOrientationPortrait UIInterfaceOrientationPortraitUpsideDown";
				IPHONEOS_DEPLOYMENT_TARGET = 16.4;
				LD_RUNPATH_SEARCH_PATHS = (
					"$(inherited)",
					"@executable_path/Frameworks",
				);
				MARKETING_VERSION = 1.0;
				PRODUCT_BUNDLE_IDENTIFIER = sihtmark.HomeGuard;
				PRODUCT_NAME = "$(TARGET_NAME)";
				SUPPORTED_PLATFORMS = "iphoneos iphonesimulator";
				SUPPORTS_MACCATALYST = NO;
				SUPPORTS_MAC_DESIGNED_FOR_IPHONE_IPAD = NO;
				SWIFT_EMIT_LOC_STRINGS = YES;
				SWIFT_VERSION = 5.0;
				TARGETED_DEVICE_FAMILY = 1;
			};
			name = Release;
		};
/* End XCBuildConfiguration section */

/* Begin XCConfigurationList section */
		528E0BAD2A80EBA50009C153 /* Build configuration list for PBXProject "HomeGuard" */ = {
			isa = XCConfigurationList;
			buildConfigurations = (
				528E0BC42A80EBA60009C153 /* Debug */,
				528E0BC52A80EBA60009C153 /* Release */,
			);
			defaultConfigurationIsVisible = 0;
			defaultConfigurationName = Release;
		};
		528E0BC62A80EBA60009C153 /* Build configuration list for PBXNativeTarget "HomeGuard" */ = {
			isa = XCConfigurationList;
			buildConfigurations = (
				528E0BC72A80EBA60009C153 /* Debug */,
				528E0BC82A80EBA60009C153 /* Release */,
			);
			defaultConfigurationIsVisible = 0;
			defaultConfigurationName = Release;
		};
/* End XCConfigurationList section */

/* Begin XCRemoteSwiftPackageReference section */
		528E0BC92A80ED310009C153 /* XCRemoteSwiftPackageReference "realm-swift" */ = {
			isa = XCRemoteSwiftPackageReference;
			repositoryURL = "https://github.com/realm/realm-swift.git";
			requirement = {
				branch = master;
				kind = branch;
			};
		};
/* End XCRemoteSwiftPackageReference section */

/* Begin XCSwiftPackageProductDependency section */
		528E0BCA2A80ED310009C153 /* Realm */ = {
			isa = XCSwiftPackageProductDependency;
			package = 528E0BC92A80ED310009C153 /* XCRemoteSwiftPackageReference "realm-swift" */;
			productName = Realm;
		};
		528E0BCC2A80ED310009C153 /* RealmSwift */ = {
			isa = XCSwiftPackageProductDependency;
			package = 528E0BC92A80ED310009C153 /* XCRemoteSwiftPackageReference "realm-swift" */;
			productName = RealmSwift;
		};
/* End XCSwiftPackageProductDependency section */
	};
	rootObject = 528E0BAA2A80EBA50009C153 /* Project object */;
}
